
Microsoft Visual Studio Solution File, Format Version 12.00
# Visual Studio Version 16
VisualStudioVersion = 16.0.30413.136
MinimumVisualStudioVersion = 10.0.40219.1
Project("{FAE04EC0-301F-11D3-BF4B-00C04F79EFBC}") = "Gui", "Gui\Gui.csproj", "{711413E5-D82B-4379-B5AF-695ED3FF36FF}"
EndProject
Global
	GlobalSection(SolutionConfigurationPlatforms) = preSolution
		Debug|Any CPU = Debug|Any CPU
		Release|Any CPU = Release|Any CPU
	EndGlobalSection
	GlobalSection(ProjectConfigurationPlatforms) = postSolution
		{711413E5-D82B-4379-B5AF-695ED3FF36FF}.Debug|Any CPU.ActiveCfg = Debug|Any CPU
		{711413E5-D82B-4379-B5AF-695ED3FF36FF}.Debug|Any CPU.Build.0 = Debug|Any CPU
		{711413E5-D82B-4379-B5AF-695ED3FF36FF}.Release|Any CPU.ActiveCfg = Release|Any CPU
		{711413E5-D82B-4379-B5AF-695ED3FF36FF}.Release|Any CPU.Build.0 = Release|Any CPU
	EndGlobalSection
	GlobalSection(SolutionProperties) = preSolution
		HideSolutionNode = FALSE
	EndGlobalSection
	GlobalSection(ExtensibilityGlobals) = postSolution
		SolutionGuid = {BC0717A2-96EF-4C67-ACAB-8C3D8A5D5C69}
	EndGlobalSection
EndGlobal
